
Microsoft Visual Studio Solution File, Format Version 12.00
# Visual Studio Version 16
VisualStudioVersion = 16.0.30011.22
MinimumVisualStudioVersion = 10.0.40219.1
Project("{FAE04EC0-301F-11D3-BF4B-00C04F79EFBC}") = "Лаба 1 (2 сем)", "Лаба 1 (2 сем).csproj", "{923F59CB-C955-41D6-8524-591E3FFCD8DD}"
EndProject
Global
	GlobalSection(SolutionConfigurationPlatforms) = preSolution
		Debug|Any CPU = Debug|Any CPU
		Release|Any CPU = Release|Any CPU
	EndGlobalSection
	GlobalSection(ProjectConfigurationPlatforms) = postSolution
		{923F59CB-C955-41D6-8524-591E3FFCD8DD}.Debug|Any CPU.ActiveCfg = Debug|Any CPU
		{923F59CB-C955-41D6-8524-591E3FFCD8DD}.Debug|Any CPU.Build.0 = Debug|Any CPU
		{923F59CB-C955-41D6-8524-591E3FFCD8DD}.Release|Any CPU.ActiveCfg = Release|Any CPU
		{923F59CB-C955-41D6-8524-591E3FFCD8DD}.Release|Any CPU.Build.0 = Release|Any CPU
	EndGlobalSection
	GlobalSection(SolutionProperties) = preSolution
		HideSolutionNode = FALSE
	EndGlobalSection
	GlobalSection(ExtensibilityGlobals) = postSolution
		SolutionGuid = {9254F2DE-9934-4492-8702-FE3818230CCD}
	EndGlobalSection
EndGlobal
